
Microsoft Visual Studio Solution File, Format Version 12.00
# Visual Studio 14
VisualStudioVersion = 14.0.25420.1
MinimumVisualStudioVersion = 10.0.40219.1
Project("{FAE04EC0-301F-11D3-BF4B-00C04F79EFBC}") = "BDD.Tests", "BDD.Tests\BDD.Tests.csproj", "{F292DFC9-20BC-46CF-BD48-F2C5B08A18A3}"
EndProject
Project("{FAE04EC0-301F-11D3-BF4B-00C04F79EFBC}") = "WebApplication", "WebApplication\WebApplication.csproj", "{6736B9EA-AAFC-4B63-9787-E2E3CC648447}"
EndProject
Global
	GlobalSection(SolutionConfigurationPlatforms) = preSolution
		Debug|Any CPU = Debug|Any CPU
		Release|Any CPU = Release|Any CPU
	EndGlobalSection
	GlobalSection(ProjectConfigurationPlatforms) = postSolution
		{F292DFC9-20BC-46CF-BD48-F2C5B08A18A3}.Debug|Any CPU.ActiveCfg = Debug|Any CPU
		{F292DFC9-20BC-46CF-BD48-F2C5B08A18A3}.Debug|Any CPU.Build.0 = Debug|Any CPU
		{F292DFC9-20BC-46CF-BD48-F2C5B08A18A3}.Release|Any CPU.ActiveCfg = Release|Any CPU
		{F292DFC9-20BC-46CF-BD48-F2C5B08A18A3}.Release|Any CPU.Build.0 = Release|Any CPU
		{6736B9EA-AAFC-4B63-9787-E2E3CC648447}.Debug|Any CPU.ActiveCfg = Debug|Any CPU
		{6736B9EA-AAFC-4B63-9787-E2E3CC648447}.Debug|Any CPU.Build.0 = Debug|Any CPU
		{6736B9EA-AAFC-4B63-9787-E2E3CC648447}.Release|Any CPU.ActiveCfg = Release|Any CPU
		{6736B9EA-AAFC-4B63-9787-E2E3CC648447}.Release|Any CPU.Build.0 = Release|Any CPU
	EndGlobalSection
	GlobalSection(SolutionProperties) = preSolution
		HideSolutionNode = FALSE
	EndGlobalSection
EndGlobal
